PODS:
  - Adtrace-sdk (2.0.7):
    - Adtrace-sdk/Core (= 2.0.7)
  - Adtrace-sdk/Core (2.0.7)
  - adtrace_sdk_flutter (1.0.0):
    - Adtrace-sdk (= 2.0.7)
    - Flutter
  - Flutter (1.0.0)

DEPENDENCIES:
  - adtrace_sdk_flutter (from `.symlinks/plugins/adtrace_sdk_flutter/ios`)
  - Flutter (from `Flutter`)

SPEC REPOS:
  trunk:
    - Adtrace-sdk

EXTERNAL SOURCES:
  adtrace_sdk_flutter:
    :path: ".symlinks/plugins/adtrace_sdk_flutter/ios"
  Flutter:
    :path: Flutter

SPEC CHECKSUMS:
  Adtrace-sdk: 9cd2c2997e5ec7695f5fa93945c37632fd4bf270
  adtrace_sdk_flutter: d5e0b9541a1e61999a01a2de99fd38f1d51e0173
  Flutter: 50d75fe2f02b26cc09d224853bb45737f8b3214a

PODFILE CHECKSUM: 8e679eca47255a8ca8067c4c67aab20e64cb974d

COCOAPODS: 1.11.3
